{
  "nodes": {
    "nixpkgs": {
      "locked": {
        "lastModified": 1754075563,
        "narHash": "sha256-jyPidsv0wEC3VSK4mFf+jyD5mT65LVtvNM4QTVOVK3Q=",
        "owner": "dramforever",
        "repo": "nixpkgs",
        "rev": "3ed922bcff7f8e924cf51c3f1d8e08ddac4a707f",
        "type": "github"
      },
      "original": {
        "owner": "dramforever",
        "ref": "rustcTarget-madness",
        "repo": "nixpkgs",
        "type": "github"
      }
    },
    "root": {
      "inputs": {
        "nixpkgs": "nixpkgs"
      }
    }
  },
  "root": "root",
  "version": 7
}
