{
  "nodes": {
    "nixpkgs": {
      "locked": {
        "lastModified": 1712439257,
        "narHash": "sha256-aSpiNepFOMk9932HOax0XwNxbA38GOUVOiXfUVPOrck=",
        "owner": "NixOS",
        "repo": "nixpkgs",
        "rev": "ff0dbd94265ac470dda06a657d5fe49de93b4599",
        "type": "github"
      },
      "original": {
        "owner": "NixOS",
        "ref": "nixos-unstable",
        "repo": "nixpkgs",
        "type": "github"
      }
    },
    "nixpkgs-pr-298515": {
      "locked": {
        "lastModified": 1711673222,
        "narHash": "sha256-Vm9AeqR2uT4E7IQBKEHhlcOMPuu1N5YFwSPh6uYfXK0=",
        "owner": "NixOS",
        "repo": "nixpkgs",
        "rev": "6cf9a8930a0f16ab1e0f5e88d3b1e1ab4baaeeef",
        "type": "github"
      },
      "original": {
        "owner": "NixOS",
        "ref": "refs/pull/298515/head",
        "repo": "nixpkgs",
        "type": "github"
      }
    },
    "root": {
      "inputs": {
        "nixpkgs": "nixpkgs",
        "nixpkgs-pr-298515": "nixpkgs-pr-298515"
      }
    }
  },
  "root": "root",
  "version": 7
}
